{
    "version": 3,
    "terraform_version": "0.11.11",
    "serial": 31,
    "lineage": "ffbeab73-f221-2846-d7e1-b910734bd1bf",
    "modules": [
        {
            "path": [
                "root"
            ],
            "outputs": {},
            "resources": {
                "alicloud_ram_group_policy_attachment.attach": {
                    "type": "alicloud_ram_group_policy_attachment",
                    "depends_on": [],
                    "primary": {
                        "id": "groupReadOnlyAccessSystemusers",
                        "attributes": {
                            "group_name": "users",
                            "id": "groupReadOnlyAccessSystemusers",
                            "policy_name": "ReadOnlyAccess",
                            "policy_type": "System"
                        },
                        "meta": {},
                        "tainted": false
                    },
                    "deposed": [],
                    "provider": "provider.alicloud"
                },
                "alicloud_ram_role.role": {
                    "type": "alicloud_ram_role",
                    "depends_on": [],
                    "primary": {
                        "id": "instance-role",
                        "attributes": {
                            "arn": "acs:ram::5104523510172198:role/instance-role",
                            "description": "this is a service role.",
                            "document": "{\n    \"Statement\": [{\n            \"Action\": \"sts:AssumeRole\",\n            \"Effect\": \"Allow\",\n            \"Principal\": {\n                \"RAM\": [\"acs:ram::5104523510172198:root\"],\n                \"Service\": [\"ecs.aliyuncs.com\"]}}],\n    \"Version\": \"1\"}",
                            "force": "false",
                            "id": "instance-role",
                            "name": "instance-role",
                            "ram_users.#": "1",
                            "ram_users.3101083208": "acs:ram::5104523510172198:root",
                            "services.#": "1",
                            "services.1871450999": "ecs.aliyuncs.com",
                            "version": "1"
                        },
                        "meta": {},
                        "tainted": false
                    },
                    "deposed": [],
                    "provider": "provider.alicloud"
                },
                "alicloud_ram_role_policy_attachment.attach": {
                    "type": "alicloud_ram_role_policy_attachment",
                    "depends_on": [
                        "alicloud_ram_role.role"
                    ],
                    "primary": {
                        "id": "roleAliyunECSFullAccessSysteminstance-role",
                        "attributes": {
                            "id": "roleAliyunECSFullAccessSysteminstance-role",
                            "policy_name": "AliyunECSFullAccess",
                            "policy_type": "System",
                            "role_name": "instance-role"
                        },
                        "meta": {},
                        "tainted": false
                    },
                    "deposed": [],
                    "provider": "provider.alicloud"
                }
            },
            "depends_on": []
        },
        {
            "path": [
                "root",
                "ram-users"
            ],
            "outputs": {
                "users": {
                    "sensitive": false,
                    "type": "list",
                    "value": [
                        "dev1",
                        "dev2",
                        "admin1"
                    ]
                }
            },
            "resources": {
                "alicloud_ram_group.group": {
                    "type": "alicloud_ram_group",
                    "depends_on": [],
                    "primary": {
                        "id": "users",
                        "attributes": {
                            "comments": "This is a group created by Terraform",
                            "force": "false",
                            "id": "users",
                            "name": "users"
                        },
                        "meta": {},
                        "tainted": false
                    },
                    "deposed": [],
                    "provider": "module.ram-users.provider.alicloud"
                },
                "alicloud_ram_group_membership.membership": {
                    "type": "alicloud_ram_group_membership",
                    "depends_on": [
                        "alicloud_ram_user.users"
                    ],
                    "primary": {
                        "id": "users",
                        "attributes": {
                            "group_name": "users",
                            "id": "users",
                            "user_names.#": "3",
                            "user_names.1789802867": "dev2",
                            "user_names.4087834825": "dev1",
                            "user_names.976369075": "admin1"
                        },
                        "meta": {},
                        "tainted": false
                    },
                    "deposed": [],
                    "provider": "module.ram-users.provider.alicloud"
                },
                "alicloud_ram_login_profile.profile": {
                    "type": "alicloud_ram_login_profile",
                    "depends_on": [
                        "alicloud_ram_user.users"
                    ],
                    "primary": {
                        "id": "dev1",
                        "attributes": {
                            "id": "dev1",
                            "mfa_bind_required": "false",
                            "password": "Password12345",
                            "password_reset_required": "true",
                            "user_name": "dev1"
                        },
                        "meta": {},
                        "tainted": false
                    },
                    "deposed": [],
                    "provider": "module.ram-users.provider.alicloud"
                },
                "alicloud_ram_user.users.0": {
                    "type": "alicloud_ram_user",
                    "depends_on": [],
                    "primary": {
                        "id": "dev1",
                        "attributes": {
                            "comments": "",
                            "display_name": "developer1",
                            "email": "dev1@example.com",
                            "force": "false",
                            "id": "dev1",
                            "mobile": "",
                            "name": "dev1"
                        },
                        "meta": {},
                        "tainted": false
                    },
                    "deposed": [],
                    "provider": "module.ram-users.provider.alicloud"
                },
                "alicloud_ram_user.users.1": {
                    "type": "alicloud_ram_user",
                    "depends_on": [],
                    "primary": {
                        "id": "dev2",
                        "attributes": {
                            "comments": "",
                            "display_name": "developer2",
                            "email": "dev2@example.com",
                            "force": "false",
                            "id": "dev2",
                            "mobile": "",
                            "name": "dev2"
                        },
                        "meta": {},
                        "tainted": false
                    },
                    "deposed": [],
                    "provider": "module.ram-users.provider.alicloud"
                },
                "alicloud_ram_user.users.2": {
                    "type": "alicloud_ram_user",
                    "depends_on": [],
                    "primary": {
                        "id": "admin1",
                        "attributes": {
                            "comments": "",
                            "display_name": "administrator1",
                            "email": "admin1@example.com",
                            "force": "false",
                            "id": "admin1",
                            "mobile": "",
                            "name": "admin1"
                        },
                        "meta": {},
                        "tainted": false
                    },
                    "deposed": [],
                    "provider": "module.ram-users.provider.alicloud"
                }
            },
            "depends_on": []
        },
        {
            "path": [
                "root",
                "security-group"
            ],
            "outputs": {
                "security_group_id": {
                    "sensitive": false,
                    "type": "string",
                    "value": "sg-k1acbbkurjimm6d6hjaa"
                },
                "vpc_id": {
                    "sensitive": false,
                    "type": "string",
                    "value": "vpc-k1a2makk6b6m95f91hmi8"
                }
            },
            "resources": {
                "alicloud_security_group.group": {
                    "type": "alicloud_security_group",
                    "depends_on": [],
                    "primary": {
                        "id": "sg-k1acbbkurjimm6d6hjaa",
                        "attributes": {
                            "description": "TF_Security_Group",
                            "id": "sg-k1acbbkurjimm6d6hjaa",
                            "inner_access": "true",
                            "name": "mgmt_sg",
                            "vpc_id": "vpc-k1a2makk6b6m95f91hmi8"
                        },
                        "meta": {},
                        "tainted": false
                    },
                    "deposed": [],
                    "provider": "provider.alicloud"
                },
                "alicloud_security_group_rule.rules_cidr.0": {
                    "type": "alicloud_security_group_rule",
                    "depends_on": [
                        "alicloud_security_group.group"
                    ],
                    "primary": {
                        "id": "sg-k1acbbkurjimm6d6hjaa:ingress:tcp:80/80:intranet:172.16.1.0/24:accept:1",
                        "attributes": {
                            "cidr_ip": "172.16.1.0/24",
                            "id": "sg-k1acbbkurjimm6d6hjaa:ingress:tcp:80/80:intranet:172.16.1.0/24:accept:1",
                            "ip_protocol": "tcp",
                            "nic_type": "intranet",
                            "policy": "accept",
                            "port_range": "80/80",
                            "priority": "1",
                            "security_group_id": "sg-k1acbbkurjimm6d6hjaa",
                            "source_group_owner_account": "",
                            "source_security_group_id": "",
                            "type": "ingress"
                        },
                        "meta": {},
                        "tainted": false
                    },
                    "deposed": [],
                    "provider": "provider.alicloud"
                },
                "alicloud_security_group_rule.rules_cidr.1": {
                    "type": "alicloud_security_group_rule",
                    "depends_on": [
                        "alicloud_security_group.group"
                    ],
                    "primary": {
                        "id": "sg-k1acbbkurjimm6d6hjaa:ingress:tcp:22/22:intranet:172.16.1.0/24:accept:2",
                        "attributes": {
                            "cidr_ip": "172.16.1.0/24",
                            "id": "sg-k1acbbkurjimm6d6hjaa:ingress:tcp:22/22:intranet:172.16.1.0/24:accept:2",
                            "ip_protocol": "tcp",
                            "nic_type": "intranet",
                            "policy": "accept",
                            "port_range": "22/22",
                            "priority": "2",
                            "security_group_id": "sg-k1acbbkurjimm6d6hjaa",
                            "source_group_owner_account": "",
                            "source_security_group_id": "",
                            "type": "ingress"
                        },
                        "meta": {},
                        "tainted": false
                    },
                    "deposed": [],
                    "provider": "provider.alicloud"
                },
                "alicloud_security_group_rule.rules_cidr.2": {
                    "type": "alicloud_security_group_rule",
                    "depends_on": [
                        "alicloud_security_group.group"
                    ],
                    "primary": {
                        "id": "sg-k1acbbkurjimm6d6hjaa:ingress:tcp:443/443:intranet:172.16.1.0/24:accept:1",
                        "attributes": {
                            "cidr_ip": "172.16.1.0/24",
                            "id": "sg-k1acbbkurjimm6d6hjaa:ingress:tcp:443/443:intranet:172.16.1.0/24:accept:1",
                            "ip_protocol": "tcp",
                            "nic_type": "intranet",
                            "policy": "accept",
                            "port_range": "443/443",
                            "priority": "1",
                            "security_group_id": "sg-k1acbbkurjimm6d6hjaa",
                            "source_group_owner_account": "",
                            "source_security_group_id": "",
                            "type": "ingress"
                        },
                        "meta": {},
                        "tainted": false
                    },
                    "deposed": [],
                    "provider": "provider.alicloud"
                }
            },
            "depends_on": []
        },
        {
            "path": [
                "root",
                "vpc"
            ],
            "outputs": {
                "availability_zones": {
                    "sensitive": false,
                    "type": "string",
                    "value": "ap-southeast-5a"
                },
                "route_table_id": {
                    "sensitive": false,
                    "type": "string",
                    "value": ""
                },
                "router_id": {
                    "sensitive": false,
                    "type": "string",
                    "value": ""
                },
                "vpc_id": {
                    "sensitive": false,
                    "type": "string",
                    "value": "vpc-k1a2makk6b6m95f91hmi8"
                },
                "vswitch_ids": {
                    "sensitive": false,
                    "type": "string",
                    "value": "vsw-k1aj9zwnmnc67nban02qp"
                }
            },
            "resources": {
                "alicloud_vpc.vpc": {
                    "type": "alicloud_vpc",
                    "depends_on": [],
                    "primary": {
                        "id": "vpc-k1a2makk6b6m95f91hmi8",
                        "attributes": {
                            "cidr_block": "172.16.0.0/12",
                            "description": "default",
                            "id": "vpc-k1a2makk6b6m95f91hmi8",
                            "name": "test1",
                            "route_table_id": "vtb-k1ag09vn2lvdqdv23rrxu",
                            "router_id": "vrt-k1a6rwyuvzrwbdpdkyaep",
                            "router_table_id": "vtb-k1ag09vn2lvdqdv23rrxu"
                        },
                        "meta": {},
                        "tainted": false
                    },
                    "deposed": [],
                    "provider": "provider.alicloud"
                },
                "alicloud_vswitch.vswitches": {
                    "type": "alicloud_vswitch",
                    "depends_on": [
                        "alicloud_vpc.vpc",
                        "data.alicloud_zones.default"
                    ],
                    "primary": {
                        "id": "vsw-k1aj9zwnmnc67nban02qp",
                        "attributes": {
                            "availability_zone": "ap-southeast-5a",
                            "cidr_block": "172.16.1.0/24",
                            "description": "default",
                            "id": "vsw-k1aj9zwnmnc67nban02qp",
                            "name": "default1",
                            "vpc_id": "vpc-k1a2makk6b6m95f91hmi8"
                        },
                        "meta": {},
                        "tainted": false
                    },
                    "deposed": [],
                    "provider": "provider.alicloud"
                },
                "data.alicloud_instance_types.default": {
                    "type": "alicloud_instance_types",
                    "depends_on": [],
                    "primary": {
                        "id": "3776590732",
                        "attributes": {
                            "cpu_core_count": "1",
                            "id": "3776590732",
                            "ids.#": "1",
                            "ids.0": "ecs.t5-lc1m2.small",
                            "instance_charge_type": "PostPaid",
                            "instance_types.#": "1",
                            "instance_types.0.availability_zones.#": "2",
                            "instance_types.0.availability_zones.0": "ap-southeast-5a",
                            "instance_types.0.availability_zones.1": "ap-southeast-5b",
                            "instance_types.0.burstable_instance.%": "2",
                            "instance_types.0.burstable_instance.baseline_credit": "10",
                            "instance_types.0.burstable_instance.initial_credit": "90",
                            "instance_types.0.cpu_core_count": "1",
                            "instance_types.0.eni_amount": "1",
                            "instance_types.0.family": "ecs.t5",
                            "instance_types.0.gpu.%": "2",
                            "instance_types.0.gpu.amount": "0",
                            "instance_types.0.gpu.category": "",
                            "instance_types.0.id": "ecs.t5-lc1m2.small",
                            "instance_types.0.local_storage.%": "3",
                            "instance_types.0.local_storage.amount": "0",
                            "instance_types.0.local_storage.capacity": "0",
                            "instance_types.0.local_storage.category": "",
                            "instance_types.0.memory_size": "2",
                            "memory_size": "2",
                            "spot_strategy": "NoSpot"
                        },
                        "meta": {},
                        "tainted": false
                    },
                    "deposed": [],
                    "provider": "provider.alicloud"
                },
                "data.alicloud_zones.default": {
                    "type": "alicloud_zones",
                    "depends_on": [
                        "data.alicloud_instance_types.default"
                    ],
                    "primary": {
                        "id": "2275575329",
                        "attributes": {
                            "available_instance_type": "ecs.t5-lc1m2.small",
                            "available_resource_creation": "VSwitch",
                            "id": "2275575329",
                            "ids.#": "2",
                            "ids.0": "ap-southeast-5a",
                            "ids.1": "ap-southeast-5b",
                            "instance_charge_type": "PostPaid",
                            "multi": "false",
                            "spot_strategy": "NoSpot",
                            "zones.#": "2",
                            "zones.0.available_disk_categories.#": "2",
                            "zones.0.available_disk_categories.0": "cloud_ssd",
                            "zones.0.available_disk_categories.1": "cloud_efficiency",
                            "zones.0.available_instance_types.#": "69",
                            "zones.0.available_instance_types.0": "ecs.hfc5.xlarge",
                            "zones.0.available_instance_types.1": "ecs.hfc5.8xlarge",
                            "zones.0.available_instance_types.10": "ecs.i1.3xlarge",
                            "zones.0.available_instance_types.11": "ecs.se1ne.3xlarge",
                            "zones.0.available_instance_types.12": "ecs.se1.14xlarge",
                            "zones.0.available_instance_types.13": "ecs.sn2ne.8xlarge",
                            "zones.0.available_instance_types.14": "ecs.sn2ne.4xlarge",
                            "zones.0.available_instance_types.15": "ecs.hfg5.3xlarge",
                            "zones.0.available_instance_types.16": "ecs.sn1ne.8xlarge",
                            "zones.0.available_instance_types.17": "ecs.sn2ne.large",
                            "zones.0.available_instance_types.18": "ecs.d1.8xlarge",
                            "zones.0.available_instance_types.19": "ecs.sn2ne.xlarge",
                            "zones.0.available_instance_types.2": "ecs.t5-c1m2.4xlarge",
                            "zones.0.available_instance_types.20": "ecs.hfg5.4xlarge",
                            "zones.0.available_instance_types.21": "ecs.sn1ne.2xlarge",
                            "zones.0.available_instance_types.22": "ecs.hfc5.2xlarge",
                            "zones.0.available_instance_types.23": "ecs.i1.4xlarge",
                            "zones.0.available_instance_types.24": "ecs.i2.16xlarge",
                            "zones.0.available_instance_types.25": "ecs.se1ne.6xlarge",
                            "zones.0.available_instance_types.26": "ecs.sn2ne.2xlarge",
                            "zones.0.available_instance_types.27": "ecs.sn2ne.6xlarge",
                            "zones.0.available_instance_types.28": "ecs.hfc5.3xlarge",
                            "zones.0.available_instance_types.29": "ecs.t5-lc1m2.small",
                            "zones.0.available_instance_types.3": "ecs.hfg5.6xlarge",
                            "zones.0.available_instance_types.30": "ecs.t5-c1m4.large",
                            "zones.0.available_instance_types.31": "ecs.i2.xlarge",
                            "zones.0.available_instance_types.32": "ecs.t5-lc1m1.small",
                            "zones.0.available_instance_types.33": "ecs.t5-c1m4.2xlarge",
                            "zones.0.available_instance_types.34": "ecs.sn1ne.xlarge",
                            "zones.0.available_instance_types.35": "ecs.t5-lc1m2.large",
                            "zones.0.available_instance_types.36": "ecs.se1ne.large",
                            "zones.0.available_instance_types.37": "ecs.i2.2xlarge",
                            "zones.0.available_instance_types.38": "ecs.t5-c1m2.large",
                            "zones.0.available_instance_types.39": "ecs.d1.6xlarge",
                            "zones.0.available_instance_types.4": "ecs.se1ne.2xlarge",
                            "zones.0.available_instance_types.40": "ecs.hfg5.large",
                            "zones.0.available_instance_types.41": "ecs.i1.8xlarge",
                            "zones.0.available_instance_types.42": "ecs.hfc5.4xlarge",
                            "zones.0.available_instance_types.43": "ecs.i1.2xlarge",
                            "zones.0.available_instance_types.44": "ecs.se1ne.xlarge",
                            "zones.0.available_instance_types.45": "ecs.d1-c8d3.8xlarge",
                            "zones.0.available_instance_types.46": "ecs.se1ne.4xlarge",
                            "zones.0.available_instance_types.47": "ecs.d1.3xlarge",
                            "zones.0.available_instance_types.48": "ecs.t5-c1m1.xlarge",
                            "zones.0.available_instance_types.49": "ecs.sn1ne.large",
                            "zones.0.available_instance_types.5": "ecs.sn1ne.3xlarge",
                            "zones.0.available_instance_types.50": "ecs.t5-c1m4.xlarge",
                            "zones.0.available_instance_types.51": "ecs.sn1ne.6xlarge",
                            "zones.0.available_instance_types.52": "ecs.hfg5.2xlarge",
                            "zones.0.available_instance_types.53": "ecs.t5-lc1m4.large",
                            "zones.0.available_instance_types.54": "ecs.t5-c1m1.4xlarge",
                            "zones.0.available_instance_types.55": "ecs.d1.2xlarge",
                            "zones.0.available_instance_types.56": "ecs.d1.4xlarge",
                            "zones.0.available_instance_types.57": "ecs.t5-c1m2.xlarge",
                            "zones.0.available_instance_types.58": "ecs.t5-c1m1.large",
                            "zones.0.available_instance_types.59": "ecs.i2.8xlarge",
                            "zones.0.available_instance_types.6": "ecs.i1.6xlarge",
                            "zones.0.available_instance_types.60": "ecs.hfc5.6xlarge",
                            "zones.0.available_instance_types.61": "ecs.i2.4xlarge",
                            "zones.0.available_instance_types.62": "ecs.t5-c1m1.2xlarge",
                            "zones.0.available_instance_types.63": "ecs.sn1ne.4xlarge",
                            "zones.0.available_instance_types.64": "ecs.i1.xlarge",
                            "zones.0.available_instance_types.65": "ecs.d1-c14d3.14xlarge",
                            "zones.0.available_instance_types.66": "ecs.hfc5.large",
                            "zones.0.available_instance_types.67": "ecs.se1ne.8xlarge",
                            "zones.0.available_instance_types.68": "ecs.t5-lc2m1.nano",
                            "zones.0.available_instance_types.7": "ecs.t5-c1m2.2xlarge",
                            "zones.0.available_instance_types.8": "ecs.sn2ne.3xlarge",
                            "zones.0.available_instance_types.9": "ecs.hfg5.xlarge",
                            "zones.0.available_resource_creation.#": "5",
                            "zones.0.available_resource_creation.0": "IoOptimized",
                            "zones.0.available_resource_creation.1": "VSwitch",
                            "zones.0.available_resource_creation.2": "Instance",
                            "zones.0.available_resource_creation.3": "DedicatedHost",
                            "zones.0.available_resource_creation.4": "Disk",
                            "zones.0.id": "ap-southeast-5a",
                            "zones.0.local_name": "亚太东南 5 可用区A",
                            "zones.0.multi_zone_ids.#": "0",
                            "zones.1.available_disk_categories.#": "2",
                            "zones.1.available_disk_categories.0": "cloud_ssd",
                            "zones.1.available_disk_categories.1": "cloud_efficiency",
                            "zones.1.available_instance_types.#": "48",
                            "zones.1.available_instance_types.0": "ecs.ic5.large",
                            "zones.1.available_instance_types.1": "ecs.c5.large",
                            "zones.1.available_instance_types.10": "ecs.t5-c1m2.2xlarge",
                            "zones.1.available_instance_types.11": "ecs.c5.3xlarge",
                            "zones.1.available_instance_types.12": "ecs.c5.16xlarge",
                            "zones.1.available_instance_types.13": "ecs.ic5.3xlarge",
                            "zones.1.available_instance_types.14": "ecs.ic5.xlarge",
                            "zones.1.available_instance_types.15": "ecs.r5.3xlarge",
                            "zones.1.available_instance_types.16": "ecs.t5-c1m1.xlarge",
                            "zones.1.available_instance_types.17": "ecs.t5-c1m4.xlarge",
                            "zones.1.available_instance_types.18": "ecs.c5.2xlarge",
                            "zones.1.available_instance_types.19": "ecs.g5.large",
                            "zones.1.available_instance_types.2": "ecs.g5.4xlarge",
                            "zones.1.available_instance_types.20": "ecs.t5-lc1m4.large",
                            "zones.1.available_instance_types.21": "ecs.t5-c1m1.4xlarge",
                            "zones.1.available_instance_types.22": "ecs.g5.2xlarge",
                            "zones.1.available_instance_types.23": "ecs.c5.6xlarge",
                            "zones.1.available_instance_types.24": "ecs.c5.4xlarge",
                            "zones.1.available_instance_types.25": "ecs.g5.16xlarge",
                            "zones.1.available_instance_types.26": "ecs.t5-c1m2.xlarge",
                            "zones.1.available_instance_types.27": "ecs.c5.8xlarge",
                            "zones.1.available_instance_types.28": "ecs.t5-c1m1.large",
                            "zones.1.available_instance_types.29": "ecs.t5-lc1m2.small",
                            "zones.1.available_instance_types.3": "ecs.g5.xlarge",
                            "zones.1.available_instance_types.30": "ecs.t5-c1m4.large",
                            "zones.1.available_instance_types.31": "ecs.ic5.16xlarge",
                            "zones.1.available_instance_types.32": "ecs.t5-c1m1.2xlarge",
                            "zones.1.available_instance_types.33": "ecs.r5.6xlarge",
                            "zones.1.available_instance_types.34": "ecs.t5-lc1m1.small",
                            "zones.1.available_instance_types.35": "ecs.c5.xlarge",
                            "zones.1.available_instance_types.36": "ecs.t5-c1m4.2xlarge",
                            "zones.1.available_instance_types.37": "ecs.t5-lc1m2.large",
                            "zones.1.available_instance_types.38": "ecs.ic5.8xlarge",
                            "zones.1.available_instance_types.39": "ecs.g5.6xlarge",
                            "zones.1.available_instance_types.4": "ecs.r5.large",
                            "zones.1.available_instance_types.40": "ecs.ic5.6xlarge",
                            "zones.1.available_instance_types.41": "ecs.t5-c1m2.large",
                            "zones.1.available_instance_types.42": "ecs.t5-lc2m1.nano",
                            "zones.1.available_instance_types.43": "ecs.g5.8xlarge",
                            "zones.1.available_instance_types.44": "ecs.g5.3xlarge",
                            "zones.1.available_instance_types.45": "ecs.ic5.2xlarge",
                            "zones.1.available_instance_types.46": "ecs.r5.2xlarge",
                            "zones.1.available_instance_types.47": "ecs.r5.4xlarge",
                            "zones.1.available_instance_types.5": "ecs.r5.xlarge",
                            "zones.1.available_instance_types.6": "ecs.r5.8xlarge",
                            "zones.1.available_instance_types.7": "ecs.r5.16xlarge",
                            "zones.1.available_instance_types.8": "ecs.ic5.4xlarge",
                            "zones.1.available_instance_types.9": "ecs.t5-c1m2.4xlarge",
                            "zones.1.available_resource_creation.#": "4",
                            "zones.1.available_resource_creation.0": "VSwitch",
                            "zones.1.available_resource_creation.1": "IoOptimized",
                            "zones.1.available_resource_creation.2": "Instance",
                            "zones.1.available_resource_creation.3": "Disk",
                            "zones.1.id": "ap-southeast-5b",
                            "zones.1.local_name": "亚太东南 5 可用区B",
                            "zones.1.multi_zone_ids.#": "0"
                        },
                        "meta": {},
                        "tainted": false
                    },
                    "deposed": [],
                    "provider": "provider.alicloud"
                }
            },
            "depends_on": []
        }
    ]
}
